{
    "_readme": [
        "This file locks the dependencies of your project to a known state",
        "Read more about it at https://getcomposer.org/doc/01-basic-usage.md#composer-lock-the-lock-file",
        "This file is @generated automatically"
    ],
    "hash": "98e21d5e2c933ed8373cef6bb18e01d7",
    "content-hash": "e4875f9dc4abc1fd727caaa0a0c1fb33",
    "packages": [
        {
            "name": "pyrsmk/chernozem",
            "version": "3.0.7",
            "source": {
                "type": "git",
                "url": "https://github.com/pyrsmk/Chernozem.git",
                "reference": "d39ffb4122f2a7d918cf491681d4691878d37a93"
            },
            "dist": {
                "type": "zip",
                "url": "https://api.github.com/repos/pyrsmk/Chernozem/zipball/d39ffb4122f2a7d918cf491681d4691878d37a93",
                "reference": "d39ffb4122f2a7d918cf491681d4691878d37a93",
                "shasum": ""
            },
            "require": {
                "php": ">=5.3.0"
            },
            "type": "library",
            "autoload": {
                "psr-0": {
                    "": "src/"
                }
            },
            "notification-url": "https://packagist.org/downloads/",
            "license": [
                "MIT"
            ],
            "authors": [
                {
                    "name": "Aurélien Delogu",
                    "email": "dev@dreamysource.fr",
                    "homepage": "http://dreamysource.fr"
                }
            ],
            "description": "An advanced dependency injection container",
            "keywords": [
                "container",
                "dependency",
                "injection"
            ],
            "time": "2015-09-19 18:17:44"
        },
        {
            "name": "pyrsmk/funktions",
            "version": "0.1.6",
            "source": {
                "type": "git",
                "url": "https://github.com/pyrsmk/Funktions.git",
                "reference": "484fdb5e2d79f88a35f31057dea6e72e45a1f124"
            },
            "dist": {
                "type": "zip",
                "url": "https://api.github.com/repos/pyrsmk/Funktions/zipball/484fdb5e2d79f88a35f31057dea6e72e45a1f124",
                "reference": "484fdb5e2d79f88a35f31057dea6e72e45a1f124",
                "shasum": ""
            },
            "require": {
                "php": ">=5.3.0"
            },
            "type": "library",
            "autoload": {
                "files": [
                    "src/array.php",
                    "src/color.php",
                    "src/debug.php",
                    "src/system.php"
                ]
            },
            "notification-url": "https://packagist.org/downloads/",
            "license": [
                "MIT"
            ],
            "authors": [
                {
                    "name": "Aurélien Delogu",
                    "email": "dev@dreamysource.fr",
                    "homepage": "http://dreamysource.fr"
                }
            ],
            "description": "Several useful PHP functions",
            "keywords": [
                "array",
                "color",
                "debug",
                "functions",
                "system"
            ],
            "time": "2015-09-16 12:51:03"
        },
        {
            "name": "pyrsmk/imagix",
            "version": "0.5.6",
            "source": {
                "type": "git",
                "url": "https://github.com/pyrsmk/Imagix.git",
                "reference": "6fb21edb3fda00b17d14bdfdc7a2fa2f0e25f7f1"
            },
            "dist": {
                "type": "zip",
                "url": "https://api.github.com/repos/pyrsmk/Imagix/zipball/6fb21edb3fda00b17d14bdfdc7a2fa2f0e25f7f1",
                "reference": "6fb21edb3fda00b17d14bdfdc7a2fa2f0e25f7f1",
                "shasum": ""
            },
            "require": {
                "ext-gd": "*",
                "php": ">=5.3.0",
                "pyrsmk/chernozem": "3.0.*",
                "pyrsmk/funktions": "0.1.*"
            },
            "type": "library",
            "autoload": {
                "psr-0": {
                    "": "src/"
                }
            },
            "notification-url": "https://packagist.org/downloads/",
            "license": [
                "MIT"
            ],
            "authors": [
                {
                    "name": "Aurélien Delogu",
                    "email": "dev@dreamysource.fr",
                    "homepage": "http://dreamysource.fr"
                }
            ],
            "description": "The simple image effects library",
            "keywords": [
                "effect",
                "handling",
                "image",
                "manipulation"
            ],
            "time": "2015-09-16 12:51:57"
        }
    ],
    "packages-dev": [],
    "aliases": [],
    "minimum-stability": "stable",
    "stability-flags": [],
    "prefer-stable": false,
    "prefer-lowest": false,
    "platform": {
        "php": ">=5.3.0"
    },
    "platform-dev": []
}
